
Microsoft Visual Studio Solution File, Format Version 12.00
# Visual Studio Version 16
VisualStudioVersion = 16.0.31321.278
MinimumVisualStudioVersion = 10.0.40219.1
Project("{FAE04EC0-301F-11D3-BF4B-00C04F79EFBC}") = "Toy.API", "Toy.API\Toy.API.csproj", "{4651AD07-A7BB-41EB-8C69-EAFD9F45FAD9}"
EndProject
Project("{FAE04EC0-301F-11D3-BF4B-00C04F79EFBC}") = "Toy.Business", "Toy.Business\Toy.Business.csproj", "{D2520B6A-0845-4219-B0B8-E57EA537313E}"
EndProject
Project("{FAE04EC0-301F-11D3-BF4B-00C04F79EFBC}") = "Toy.Core", "Toy.Core\Toy.Core.csproj", "{5B4DFB6E-9623-4EF3-9303-906566E50747}"
EndProject
Project("{FAE04EC0-301F-11D3-BF4B-00C04F79EFBC}") = "Toy.DataAccess", "Toy.DataAccess\Toy.DataAccess.csproj", "{5B99E534-C5D0-4E05-9CE2-6C55D4829677}"
EndProject
Project("{FAE04EC0-301F-11D3-BF4B-00C04F79EFBC}") = "Toy.Entities", "Toy.Entities\Toy.Entities.csproj", "{F9374239-EF8B-429D-B587-D3456ADE855F}"
EndProject
Global
	GlobalSection(SolutionConfigurationPlatforms) = preSolution
		Debug|Any CPU = Debug|Any CPU
		Release|Any CPU = Release|Any CPU
	EndGlobalSection
	GlobalSection(ProjectConfigurationPlatforms) = postSolution
		{4651AD07-A7BB-41EB-8C69-EAFD9F45FAD9}.Debug|Any CPU.ActiveCfg = Debug|Any CPU
		{4651AD07-A7BB-41EB-8C69-EAFD9F45FAD9}.Debug|Any CPU.Build.0 = Debug|Any CPU
		{4651AD07-A7BB-41EB-8C69-EAFD9F45FAD9}.Release|Any CPU.ActiveCfg = Release|Any CPU
		{4651AD07-A7BB-41EB-8C69-EAFD9F45FAD9}.Release|Any CPU.Build.0 = Release|Any CPU
		{D2520B6A-0845-4219-B0B8-E57EA537313E}.Debug|Any CPU.ActiveCfg = Debug|Any CPU
		{D2520B6A-0845-4219-B0B8-E57EA537313E}.Debug|Any CPU.Build.0 = Debug|Any CPU
		{D2520B6A-0845-4219-B0B8-E57EA537313E}.Release|Any CPU.ActiveCfg = Release|Any CPU
		{D2520B6A-0845-4219-B0B8-E57EA537313E}.Release|Any CPU.Build.0 = Release|Any CPU
		{5B4DFB6E-9623-4EF3-9303-906566E50747}.Debug|Any CPU.ActiveCfg = Debug|Any CPU
		{5B4DFB6E-9623-4EF3-9303-906566E50747}.Debug|Any CPU.Build.0 = Debug|Any CPU
		{5B4DFB6E-9623-4EF3-9303-906566E50747}.Release|Any CPU.ActiveCfg = Release|Any CPU
		{5B4DFB6E-9623-4EF3-9303-906566E50747}.Release|Any CPU.Build.0 = Release|Any CPU
		{5B99E534-C5D0-4E05-9CE2-6C55D4829677}.Debug|Any CPU.ActiveCfg = Debug|Any CPU
		{5B99E534-C5D0-4E05-9CE2-6C55D4829677}.Debug|Any CPU.Build.0 = Debug|Any CPU
		{5B99E534-C5D0-4E05-9CE2-6C55D4829677}.Release|Any CPU.ActiveCfg = Release|Any CPU
		{5B99E534-C5D0-4E05-9CE2-6C55D4829677}.Release|Any CPU.Build.0 = Release|Any CPU
		{F9374239-EF8B-429D-B587-D3456ADE855F}.Debug|Any CPU.ActiveCfg = Debug|Any CPU
		{F9374239-EF8B-429D-B587-D3456ADE855F}.Debug|Any CPU.Build.0 = Debug|Any CPU
		{F9374239-EF8B-429D-B587-D3456ADE855F}.Release|Any CPU.ActiveCfg = Release|Any CPU
		{F9374239-EF8B-429D-B587-D3456ADE855F}.Release|Any CPU.Build.0 = Release|Any CPU
	EndGlobalSection
	GlobalSection(SolutionProperties) = preSolution
		HideSolutionNode = FALSE
	EndGlobalSection
	GlobalSection(ExtensibilityGlobals) = postSolution
		SolutionGuid = {4BF326F0-A5F2-4594-90CE-C978BF3C7CED}
	EndGlobalSection
EndGlobal
